
Microsoft Visual Studio Solution File, Format Version 12.00
# Visual Studio Version 16
VisualStudioVersion = 16.0.30611.23
MinimumVisualStudioVersion = 10.0.40219.1
Project("{FAE04EC0-301F-11D3-BF4B-00C04F79EFBC}") = "JeuDeCartes", "JeuDeCartes\JeuDeCartes.csproj", "{31164BB1-D49F-4963-9E61-25E74EC9B724}"
EndProject
Global
	GlobalSection(SolutionConfigurationPlatforms) = preSolution
		Debug|Any CPU = Debug|Any CPU
		Release|Any CPU = Release|Any CPU
	EndGlobalSection
	GlobalSection(ProjectConfigurationPlatforms) = postSolution
		{31164BB1-D49F-4963-9E61-25E74EC9B724}.Debug|Any CPU.ActiveCfg = Debug|Any CPU
		{31164BB1-D49F-4963-9E61-25E74EC9B724}.Debug|Any CPU.Build.0 = Debug|Any CPU
		{31164BB1-D49F-4963-9E61-25E74EC9B724}.Release|Any CPU.ActiveCfg = Release|Any CPU
		{31164BB1-D49F-4963-9E61-25E74EC9B724}.Release|Any CPU.Build.0 = Release|Any CPU
	EndGlobalSection
	GlobalSection(SolutionProperties) = preSolution
		HideSolutionNode = FALSE
	EndGlobalSection
	GlobalSection(ExtensibilityGlobals) = postSolution
		SolutionGuid = {1DD0ED94-BEEC-4409-B08C-2929A239C220}
	EndGlobalSection
EndGlobal
