
Microsoft Visual Studio Solution File, Format Version 12.00
# Visual Studio Version 16
VisualStudioVersion = 16.0.30611.23
MinimumVisualStudioVersion = 10.0.40219.1
Project("{FAE04EC0-301F-11D3-BF4B-00C04F79EFBC}") = "PersonneBelgeHeritage", "PersonneBelgeHeritage\PersonneBelgeHeritage.csproj", "{C85C9874-9CCD-416F-9983-2BCB63075A92}"
EndProject
Global
	GlobalSection(SolutionConfigurationPlatforms) = preSolution
		Debug|Any CPU = Debug|Any CPU
		Release|Any CPU = Release|Any CPU
	EndGlobalSection
	GlobalSection(ProjectConfigurationPlatforms) = postSolution
		{C85C9874-9CCD-416F-9983-2BCB63075A92}.Debug|Any CPU.ActiveCfg = Debug|Any CPU
		{C85C9874-9CCD-416F-9983-2BCB63075A92}.Debug|Any CPU.Build.0 = Debug|Any CPU
		{C85C9874-9CCD-416F-9983-2BCB63075A92}.Release|Any CPU.ActiveCfg = Release|Any CPU
		{C85C9874-9CCD-416F-9983-2BCB63075A92}.Release|Any CPU.Build.0 = Release|Any CPU
	EndGlobalSection
	GlobalSection(SolutionProperties) = preSolution
		HideSolutionNode = FALSE
	EndGlobalSection
	GlobalSection(ExtensibilityGlobals) = postSolution
		SolutionGuid = {978DB51B-B367-4A8B-A5D5-971EDCB2F3CE}
	EndGlobalSection
EndGlobal
