
Microsoft Visual Studio Solution File, Format Version 12.00
# Visual Studio Version 16
VisualStudioVersion = 16.0.30413.136
MinimumVisualStudioVersion = 10.0.40219.1
Project("{FAE04EC0-301F-11D3-BF4B-00C04F79EFBC}") = "2eExerciceEtudiant", "2eExerciceEtudiant\2eExerciceEtudiant.csproj", "{D98EEFFD-9266-4D1C-A351-A18D5CC08739}"
EndProject
Global
	GlobalSection(SolutionConfigurationPlatforms) = preSolution
		Debug|Any CPU = Debug|Any CPU
		Release|Any CPU = Release|Any CPU
	EndGlobalSection
	GlobalSection(ProjectConfigurationPlatforms) = postSolution
		{D98EEFFD-9266-4D1C-A351-A18D5CC08739}.Debug|Any CPU.ActiveCfg = Debug|Any CPU
		{D98EEFFD-9266-4D1C-A351-A18D5CC08739}.Debug|Any CPU.Build.0 = Debug|Any CPU
		{D98EEFFD-9266-4D1C-A351-A18D5CC08739}.Release|Any CPU.ActiveCfg = Release|Any CPU
		{D98EEFFD-9266-4D1C-A351-A18D5CC08739}.Release|Any CPU.Build.0 = Release|Any CPU
	EndGlobalSection
	GlobalSection(SolutionProperties) = preSolution
		HideSolutionNode = FALSE
	EndGlobalSection
	GlobalSection(ExtensibilityGlobals) = postSolution
		SolutionGuid = {A3C2F6D0-D5C3-441A-B5B1-15E59475E0D8}
	EndGlobalSection
EndGlobal
