
Microsoft Visual Studio Solution File, Format Version 12.00
# Visual Studio Version 16
VisualStudioVersion = 16.0.30611.23
MinimumVisualStudioVersion = 10.0.40219.1
Project("{FAE04EC0-301F-11D3-BF4B-00C04F79EFBC}") = "CompteBancaireHeritage", "CompteBancaireHeritage\CompteBancaireHeritage.csproj", "{AFCDBFF7-9727-430D-B0D3-300A004218EE}"
EndProject
Global
	GlobalSection(SolutionConfigurationPlatforms) = preSolution
		Debug|Any CPU = Debug|Any CPU
		Release|Any CPU = Release|Any CPU
	EndGlobalSection
	GlobalSection(ProjectConfigurationPlatforms) = postSolution
		{AFCDBFF7-9727-430D-B0D3-300A004218EE}.Debug|Any CPU.ActiveCfg = Debug|Any CPU
		{AFCDBFF7-9727-430D-B0D3-300A004218EE}.Debug|Any CPU.Build.0 = Debug|Any CPU
		{AFCDBFF7-9727-430D-B0D3-300A004218EE}.Release|Any CPU.ActiveCfg = Release|Any CPU
		{AFCDBFF7-9727-430D-B0D3-300A004218EE}.Release|Any CPU.Build.0 = Release|Any CPU
	EndGlobalSection
	GlobalSection(SolutionProperties) = preSolution
		HideSolutionNode = FALSE
	EndGlobalSection
	GlobalSection(ExtensibilityGlobals) = postSolution
		SolutionGuid = {1AF59169-DD87-4E63-BD33-AE8679B4106A}
	EndGlobalSection
EndGlobal
