
Microsoft Visual Studio Solution File, Format Version 12.00
# Visual Studio Version 16
VisualStudioVersion = 16.0.30523.141
MinimumVisualStudioVersion = 10.0.40219.1
Project("{FAE04EC0-301F-11D3-BF4B-00C04F79EFBC}") = "ExAssociation", "ExAssociation\ExAssociation.csproj", "{24B0A45D-9CEE-4948-98DF-2659261D874E}"
EndProject
Global
	GlobalSection(SolutionConfigurationPlatforms) = preSolution
		Debug|Any CPU = Debug|Any CPU
		Release|Any CPU = Release|Any CPU
	EndGlobalSection
	GlobalSection(ProjectConfigurationPlatforms) = postSolution
		{24B0A45D-9CEE-4948-98DF-2659261D874E}.Debug|Any CPU.ActiveCfg = Debug|Any CPU
		{24B0A45D-9CEE-4948-98DF-2659261D874E}.Debug|Any CPU.Build.0 = Debug|Any CPU
		{24B0A45D-9CEE-4948-98DF-2659261D874E}.Release|Any CPU.ActiveCfg = Release|Any CPU
		{24B0A45D-9CEE-4948-98DF-2659261D874E}.Release|Any CPU.Build.0 = Release|Any CPU
	EndGlobalSection
	GlobalSection(SolutionProperties) = preSolution
		HideSolutionNode = FALSE
	EndGlobalSection
	GlobalSection(ExtensibilityGlobals) = postSolution
		SolutionGuid = {90BC29C8-09AF-4558-8F87-37FB3650FCCC}
	EndGlobalSection
EndGlobal
