
Microsoft Visual Studio Solution File, Format Version 12.00
# Visual Studio Version 16
VisualStudioVersion = 16.0.30611.23
MinimumVisualStudioVersion = 10.0.40219.1
Project("{FAE04EC0-301F-11D3-BF4B-00C04F79EFBC}") = "ExCesarRev", "ExCesarRev\ExCesarRev.csproj", "{64C9A5E1-E760-4A5C-B0E8-41A8D6722FC0}"
EndProject
Global
	GlobalSection(SolutionConfigurationPlatforms) = preSolution
		Debug|Any CPU = Debug|Any CPU
		Release|Any CPU = Release|Any CPU
	EndGlobalSection
	GlobalSection(ProjectConfigurationPlatforms) = postSolution
		{64C9A5E1-E760-4A5C-B0E8-41A8D6722FC0}.Debug|Any CPU.ActiveCfg = Debug|Any CPU
		{64C9A5E1-E760-4A5C-B0E8-41A8D6722FC0}.Debug|Any CPU.Build.0 = Debug|Any CPU
		{64C9A5E1-E760-4A5C-B0E8-41A8D6722FC0}.Release|Any CPU.ActiveCfg = Release|Any CPU
		{64C9A5E1-E760-4A5C-B0E8-41A8D6722FC0}.Release|Any CPU.Build.0 = Release|Any CPU
	EndGlobalSection
	GlobalSection(SolutionProperties) = preSolution
		HideSolutionNode = FALSE
	EndGlobalSection
	GlobalSection(ExtensibilityGlobals) = postSolution
		SolutionGuid = {B4077390-A8C2-4EF9-8357-9A5DA8E1CD1B}
	EndGlobalSection
EndGlobal
